<?xml version="1.0" encoding="utf-8"?>
<Project ToolsVersion="4.0" xmlns="http://schemas.microsoft.com/developer/msbuild/2003">
  <ItemGroup>
    <Filter Include="Source Files">
      <UniqueIdentifier>{4FC737F1-C7A5-4376-A066-2A32D752A2FF}</UniqueIdentifier>
      <Extensions>cpp;c;cc;cxx;def;odl;idl;hpj;bat;asm;asmx</Extensions>
    </Filter>
    <Filter Include="Header Files">
      <UniqueIdentifier>{93995380-89BD-4b04-88EB-625FBE52EBFB}</UniqueIdentifier>
      <Extensions>h;hh;hpp;hxx;hm;inl;inc;ipp;xsd</Extensions>
    </Filter>
    <Filter Include="Resource Files">
      <UniqueIdentifier>{67DA6AB6-F800-4c08-8B7A-83BB121AAD01}</UniqueIdentifier>
      <Extensions>rc;ico;cur;bmp;dlg;rc2;rct;bin;rgs;gif;jpg;jpeg;jpe;resx;tiff;tif;png;wav;mfcribbon-ms</Extensions>
    </Filter>
    <Filter Include="Source Files\Emulator">
      <UniqueIdentifier>{910cf719-4c50-4756-b9fd-60d0a35be523}</UniqueIdentifier>
    </Filter>
    <Filter Include="Header Files\Emulator">
      <UniqueIdentifier>{e8ad977a-f3ef-47c1-90f7-428c5feddd6c}</UniqueIdentifier>
    </Filter>
    <Filter Include="Header Files\Cartridge">
      <UniqueIdentifier>{4c29725e-e661-4c56-a4aa-4237c12b26f3}</UniqueIdentifier>
    </Filter>
    <Filter Include="Source Files\Cartridge">
      <UniqueIdentifier>{82a15e47-d48f-4241-8734-8b5794512d2d}</UniqueIdentifier>
    </Filter>
    <Filter Include="Header Files\Utils">
      <UniqueIdentifier>{4363fc3d-93ca-41d8-b2ca-d16ccceaa13d}</UniqueIdentifier>
    </Filter>
    <Filter Include="Source Files\Utils">
      <UniqueIdentifier>{35c498f7-1bcd-48f7-a2f8-d7eaa852e1a2}</UniqueIdentifier>
    </Filter>
  </ItemGroup>
  <ItemGroup>
    <ClInclude Include="framework.h">
      <Filter>Header Files</Filter>
    </ClInclude>
    <ClInclude Include="pch.h">
      <Filter>Header Files</Filter>
    </ClInclude>
    <ClInclude Include="Bus.h">
      <Filter>Header Files\Emulator</Filter>
    </ClInclude>
    <ClInclude Include="Cpu.h">
      <Filter>Header Files\Emulator</Filter>
    </ClInclude>
    <ClInclude Include="Ram.h">
      <Filter>Header Files\Emulator</Filter>
    </ClInclude>
    <ClInclude Include="Nes.h">
      <Filter>Header Files\Emulator</Filter>
    </ClInclude>
    <ClInclude Include="INes.h">
      <Filter>Header Files\Cartridge</Filter>
    </ClInclude>
    <ClInclude Include="CpuRegisters.h">
      <Filter>Header Files\Emulator</Filter>
    </ClInclude>
    <ClInclude Include="CodeDisassembler.h">
      <Filter>Header Files\Utils</Filter>
    </ClInclude>
    <ClInclude Include="Instruction.h">
      <Filter>Header Files\Utils</Filter>
    </ClInclude>
    <ClInclude Include="Ppu.h">
      <Filter>Header Files\Emulator</Filter>
    </ClInclude>
    <ClInclude Include="Device.h">
      <Filter>Header Files\Emulator</Filter>
    </ClInclude>
    <ClInclude Include="PpuRam.h">
      <Filter>Header Files\Emulator</Filter>
    </ClInclude>
    <ClInclude Include="CpuRam.h">
      <Filter>Header Files\Emulator</Filter>
    </ClInclude>
  </ItemGroup>
  <ItemGroup>
    <ClCompile Include="pch.cpp">
      <Filter>Source Files</Filter>
    </ClCompile>
    <ClCompile Include="dllmain.cpp">
      <Filter>Source Files</Filter>
    </ClCompile>
    <ClCompile Include="Bus.cpp">
      <Filter>Source Files\Emulator</Filter>
    </ClCompile>
    <ClCompile Include="Cpu.cpp">
      <Filter>Source Files\Emulator</Filter>
    </ClCompile>
    <ClCompile Include="Ram.cpp">
      <Filter>Source Files\Emulator</Filter>
    </ClCompile>
    <ClCompile Include="CpuAddressing.cpp">
      <Filter>Source Files\Emulator</Filter>
    </ClCompile>
    <ClCompile Include="CpuInstructions.cpp">
      <Filter>Source Files\Emulator</Filter>
    </ClCompile>
    <ClCompile Include="Nes.cpp">
      <Filter>Source Files\Emulator</Filter>
    </ClCompile>
    <ClCompile Include="INes.cpp">
      <Filter>Source Files\Cartridge</Filter>
    </ClCompile>
    <ClCompile Include="CartridgeApi.cpp">
      <Filter>Source Files\Cartridge</Filter>
    </ClCompile>
    <ClCompile Include="NesApi.cpp">
      <Filter>Source Files\Emulator</Filter>
    </ClCompile>
    <ClCompile Include="CodeDisassembler.cpp">
      <Filter>Source Files\Utils</Filter>
    </ClCompile>
    <ClCompile Include="CpuRam.cpp">
      <Filter>Source Files\Emulator</Filter>
    </ClCompile>
    <ClCompile Include="PpuRam.cpp">
      <Filter>Source Files\Emulator</Filter>
    </ClCompile>
    <ClCompile Include="Ppu.cpp">
      <Filter>Source Files\Emulator</Filter>
    </ClCompile>
    <ClCompile Include="Instruction.cpp">
      <Filter>Source Files\Utils</Filter>
    </ClCompile>
    <ClCompile Include="Device.cpp">
      <Filter>Source Files\Emulator</Filter>
    </ClCompile>
  </ItemGroup>
</Project>